<?xml version="1.0" encoding="UTF-8" standalone="yes" ?>
<CodeBlocks_project_file>
	<FileVersion major="1" minor="6" />
	<Project>
		<Option title="BetterWR" />
		<Option pch_mode="2" />
		<Option compiler="gcc" />
		<Build>
			<Target title="Debug">
				<Option output="bin/Debug/BetterWR" prefix_auto="1" extension_auto="1" />
				<Option object_output="obj/Debug/" />
				<Option type="1" />
				<Option compiler="gcc" />
				<Compiler>
					<Add option="-g" />
				</Compiler>
			</Target>
			<Target title="Release">
				<Option output="bin/Release/BetterWR" prefix_auto="1" extension_auto="1" />
				<Option object_output="obj/Release/" />
				<Option type="1" />
				<Option compiler="gcc" />
				<Compiler>
					<Add option="-O2" />
				</Compiler>
				<Linker>
					<Add option="-s" />
				</Linker>
			</Target>
		</Build>
		<Compiler>
			<Add option="-Wall" />
			<Add option="-fexceptions" />
		</Compiler>
		<Unit filename="admin/algorithms/huf.cpp" />
		<Unit filename="admin/algorithms/huf.h" />
		<Unit filename="admin/algorithms/lzw.cpp" />
		<Unit filename="admin/algorithms/lzw.h" />
		<Unit filename="admin/detect volumes.cpp" />
		<Unit filename="admin/pack.cpp" />
		<Unit filename="admin/pack.h" />
		<Unit filename="usage/gui/button/button.cpp" />
		<Unit filename="usage/gui/button/button.h" />
		<Unit filename="usage/gui/constant.cpp" />
		<Unit filename="usage/gui/constants.h" />
		<Unit filename="usage/gui/display.cpp" />
		<Unit filename="usage/gui/expl_path/visual_path.cpp" />
		<Unit filename="usage/gui/expl_path/visual_path.h" />
		<Unit filename="usage/gui/functional_help.h" />
		<Unit filename="usage/gui/path manipulator.cpp" />
		<Unit filename="usage/gui/point.h" />
		<Unit filename="usage/gui/text_format.h" />
		<Unit filename="usage/main cmd.cpp" />
		<Unit filename="usage/main gui.cpp" />
		<Unit filename="usage/middle/middle.cpp" />
		<Unit filename="usage/middle/middle.h" />
		<Extensions>
			<lib_finder disable_auto="1" />
		</Extensions>
	</Project>
</CodeBlocks_project_file>
